
Microsoft Visual Studio Solution File, Format Version 12.00
# Visual Studio Express 2012 for Windows Phone
Project("{FAE04EC0-301F-11D3-BF4B-00C04F79EFBC}") = "MWNW_GesturesforWP8-7x", "MWNW_GesturesforWP8-7x\MWNW_GesturesforWP8-7x.csproj", "{9C190846-ED75-4395-87A4-1FF5AAD8EE07}"
EndProject
Global
	GlobalSection(SolutionConfigurationPlatforms) = preSolution
		Debug|Any CPU = Debug|Any CPU
		Release|Any CPU = Release|Any CPU
	EndGlobalSection
	GlobalSection(ProjectConfigurationPlatforms) = postSolution
		{9C190846-ED75-4395-87A4-1FF5AAD8EE07}.Debug|Any CPU.ActiveCfg = Debug|Any CPU
		{9C190846-ED75-4395-87A4-1FF5AAD8EE07}.Debug|Any CPU.Build.0 = Debug|Any CPU
		{9C190846-ED75-4395-87A4-1FF5AAD8EE07}.Debug|Any CPU.Deploy.0 = Debug|Any CPU
		{9C190846-ED75-4395-87A4-1FF5AAD8EE07}.Release|Any CPU.ActiveCfg = Release|Any CPU
		{9C190846-ED75-4395-87A4-1FF5AAD8EE07}.Release|Any CPU.Build.0 = Release|Any CPU
		{9C190846-ED75-4395-87A4-1FF5AAD8EE07}.Release|Any CPU.Deploy.0 = Release|Any CPU
	EndGlobalSection
	GlobalSection(SolutionProperties) = preSolution
		HideSolutionNode = FALSE
	EndGlobalSection
EndGlobal
